// !$*UTF8*$!
{
	archiveVersion = 1;
	classes = {
	};
	objectVersion = 46;
	objects = {

/* Begin PBXBuildFile section */
		2D01200E1BAC76A500CC9988 /* TLWebViewController.m in Sources */ = {isa = PBXBuildFile; fileRef = 2D01200D1BAC76A500CC9988 /* TLWebViewController.m */; };
		2D1B0E451BAB017600AE423F /* TLDiscoverViewController.m in Sources */ = {isa = PBXBuildFile; fileRef = 2D1B0E441BAB017600AE423F /* TLDiscoverViewController.m */; };
		2D1B0E4E1BAB280A00AE423F /* TLMineViewController.m in Sources */ = {isa = PBXBuildFile; fileRef = 2D1B0E4D1BAB280A00AE423F /* TLMineViewController.m */; };
		2D1B0E521BAB2E2F00AE423F /* TLUserDetailCell.m in Sources */ = {isa = PBXBuildFile; fileRef = 2D1B0E511BAB2E2F00AE423F /* TLUserDetailCell.m */; };
		2D1BA7121BA578D2009BB687 /* main.m in Sources */ = {isa = PBXBuildFile; fileRef = 2D1BA7111BA578D2009BB687 /* main.m */; };
		2D1BA7151BA578D2009BB687 /* AppDelegate.m in Sources */ = {isa = PBXBuildFile; fileRef = 2D1BA7141BA578D2009BB687 /* AppDelegate.m */; };
		2D1BA72F1BA578D2009BB687 /* iOSAppTemplateTests.m in Sources */ = {isa = PBXBuildFile; fileRef = 2D1BA72E1BA578D2009BB687 /* iOSAppTemplateTests.m */; };
		2DAF76A81BA5803D0047E869 /* CommonTableViewController.m in Sources */ = {isa = PBXBuildFile; fileRef = 2DAF76A71BA5803D0047E869 /* CommonTableViewController.m */; };
		2DAF76AB1BA5804D0047E869 /* CommonViewController.m in Sources */ = {isa = PBXBuildFile; fileRef = 2DAF76AA1BA5804D0047E869 /* CommonViewController.m */; };
		2DAF76BB1BA582E80047E869 /* TLRootViewController.m in Sources */ = {isa = PBXBuildFile; fileRef = 2DAF76BA1BA582E80047E869 /* TLRootViewController.m */; };
		2DAF76BE1BA583670047E869 /* TLNavigationController.m in Sources */ = {isa = PBXBuildFile; fileRef = 2DAF76BD1BA583670047E869 /* TLNavigationController.m */; };
		7F9BFFFCBF4DB85D4C25D242 /* libPods.a in Frameworks */ = {isa = PBXBuildFile; fileRef = 38431F7BA1B753F37D7C06FD /* libPods.a */; };
		C2011C271BB3FF4200DB34B3 /* TLChatMessageViewContrller.m in Sources */ = {isa = PBXBuildFile; fileRef = C2011C261BB3FF4200DB34B3 /* TLChatMessageViewContrller.m */; };
		C2011C2A1BB405F600DB34B3 /* TLInputBoxViewController.m in Sources */ = {isa = PBXBuildFile; fileRef = C2011C291BB405F600DB34B3 /* TLInputBoxViewController.m */; };
		C24769751BA96623007DC0ED /* common.m in Sources */ = {isa = PBXBuildFile; fileRef = C24769741BA96623007DC0ED /* common.m */; };
		C247697F1BA96714007DC0ED /* iOSAppTemplate.xcdatamodeld in Sources */ = {isa = PBXBuildFile; fileRef = C247697D1BA96714007DC0ED /* iOSAppTemplate.xcdatamodeld */; };
		C24769841BA9674B007DC0ED /* TLUser.m in Sources */ = {isa = PBXBuildFile; fileRef = C24769831BA9674B007DC0ED /* TLUser.m */; };
		C247698E1BA967D9007DC0ED /* NSString+TL.m in Sources */ = {isa = PBXBuildFile; fileRef = C24769871BA967D9007DC0ED /* NSString+TL.m */; };
		C247698F1BA967D9007DC0ED /* UIDevice+TL.m in Sources */ = {isa = PBXBuildFile; fileRef = C24769891BA967D9007DC0ED /* UIDevice+TL.m */; };
		C24769901BA967D9007DC0ED /* UIImage+TL.m in Sources */ = {isa = PBXBuildFile; fileRef = C247698B1BA967D9007DC0ED /* UIImage+TL.m */; };
		C24769911BA967D9007DC0ED /* UIView+TL.m in Sources */ = {isa = PBXBuildFile; fileRef = C247698D1BA967D9007DC0ED /* UIView+TL.m */; };
		C24769961BA969E3007DC0ED /* IAT.plist in Resources */ = {isa = PBXBuildFile; fileRef = C24769951BA969E3007DC0ED /* IAT.plist */; };
		C24769B11BA96A5B007DC0ED /* TLFriendsViewController.m in Sources */ = {isa = PBXBuildFile; fileRef = C24769B01BA96A5B007DC0ED /* TLFriendsViewController.m */; };
		C24769B61BA96ACC007DC0ED /* TLFriendSearchViewController.m in Sources */ = {isa = PBXBuildFile; fileRef = C24769B51BA96ACC007DC0ED /* TLFriendSearchViewController.m */; };
		C24769BA1BA96B23007DC0ED /* TLAddFriendViewController.m in Sources */ = {isa = PBXBuildFile; fileRef = C24769B91BA96B23007DC0ED /* TLAddFriendViewController.m */; };
		C24769BE1BA96B87007DC0ED /* TLDetailsViewController.m in Sources */ = {isa = PBXBuildFile; fileRef = C24769BD1BA96B87007DC0ED /* TLDetailsViewController.m */; };
		C24769C11BA96BD2007DC0ED /* TLDataHelper.m in Sources */ = {isa = PBXBuildFile; fileRef = C24769C01BA96BD2007DC0ED /* TLDataHelper.m */; };
		C24769C61BA96C83007DC0ED /* CommonTableViewCell.m in Sources */ = {isa = PBXBuildFile; fileRef = C24769C51BA96C83007DC0ED /* CommonTableViewCell.m */; };
		C24769C91BA96CCC007DC0ED /* TLFriendCell.m in Sources */ = {isa = PBXBuildFile; fileRef = C24769C81BA96CCC007DC0ED /* TLFriendCell.m */; };
		C24769CD1BA96E49007DC0ED /* TLConversationViewController.m in Sources */ = {isa = PBXBuildFile; fileRef = C24769CC1BA96E49007DC0ED /* TLConversationViewController.m */; };
		C24769D01BA96EF1007DC0ED /* TLConversation.m in Sources */ = {isa = PBXBuildFile; fileRef = C24769CF1BA96EF1007DC0ED /* TLConversation.m */; };
		C24769D41BA96F29007DC0ED /* TLConversationCell.m in Sources */ = {isa = PBXBuildFile; fileRef = C24769D31BA96F29007DC0ED /* TLConversationCell.m */; };
		C24769D81BA97DE1007DC0ED /* TLConfigration.m in Sources */ = {isa = PBXBuildFile; fileRef = C24769D71BA97DE1007DC0ED /* TLConfigration.m */; };
		C2867FF31BABEDD600F56B99 /* TLFounctionCell.m in Sources */ = {isa = PBXBuildFile; fileRef = C2867FF11BABED4800F56B99 /* TLFounctionCell.m */; };
		C29A31C21BB39D6900109CFC /* TLChatViewController.m in Sources */ = {isa = PBXBuildFile; fileRef = C29A31C11BB39D6900109CFC /* TLChatViewController.m */; };
		C29A31C61BB39FE500109CFC /* ChatVCImages.xcassets in Resources */ = {isa = PBXBuildFile; fileRef = C29A31C51BB39FE500109CFC /* ChatVCImages.xcassets */; };
		C29A31C91BB3A17200109CFC /* TLSetting.m in Sources */ = {isa = PBXBuildFile; fileRef = C29A31C81BB3A17200109CFC /* TLSetting.m */; };
		C29A31CF1BB3A4FF00109CFC /* TLUIHelper.m in Sources */ = {isa = PBXBuildFile; fileRef = C29A31CE1BB3A4FF00109CFC /* TLUIHelper.m */; };
		C2ED39251BBB95C100DD1251 /* 0.jpg in Resources */ = {isa = PBXBuildFile; fileRef = C2ED391C1BBB95C100DD1251 /* 0.jpg */; };
		C2ED39261BBB95C100DD1251 /* 1.jpg in Resources */ = {isa = PBXBuildFile; fileRef = C2ED391D1BBB95C100DD1251 /* 1.jpg */; };
		C2ED39271BBB95C100DD1251 /* 10.jpeg in Resources */ = {isa = PBXBuildFile; fileRef = C2ED391E1BBB95C100DD1251 /* 10.jpeg */; };
		C2ED39281BBB95C100DD1251 /* 11.jpg in Resources */ = {isa = PBXBuildFile; fileRef = C2ED391F1BBB95C100DD1251 /* 11.jpg */; };
		C2ED39291BBB95C100DD1251 /* 12.jpg in Resources */ = {isa = PBXBuildFile; fileRef = C2ED39201BBB95C100DD1251 /* 12.jpg */; };
		C2ED392A1BBB95C100DD1251 /* 2.jpg in Resources */ = {isa = PBXBuildFile; fileRef = C2ED39211BBB95C100DD1251 /* 2.jpg */; };
		C2ED392B1BBB95C100DD1251 /* 4.jpg in Resources */ = {isa = PBXBuildFile; fileRef = C2ED39221BBB95C100DD1251 /* 4.jpg */; };
		C2ED392C1BBB95C100DD1251 /* 7.jpg in Resources */ = {isa = PBXBuildFile; fileRef = C2ED39231BBB95C100DD1251 /* 7.jpg */; };
		C2ED392D1BBB95C100DD1251 /* 8.jpg in Resources */ = {isa = PBXBuildFile; fileRef = C2ED39241BBB95C100DD1251 /* 8.jpg */; };
		C2ED39311BBB961000DD1251 /* Discover.xcassets in Resources */ = {isa = PBXBuildFile; fileRef = C2ED39301BBB961000DD1251 /* Discover.xcassets */; };
		C2ED39331BBB966B00DD1251 /* Mine.xcassets in Resources */ = {isa = PBXBuildFile; fileRef = C2ED39321BBB966B00DD1251 /* Mine.xcassets */; };
		C2ED39351BBB96D900DD1251 /* Images.xcassets in Resources */ = {isa = PBXBuildFile; fileRef = C2ED39341BBB96D900DD1251 /* Images.xcassets */; };
		C2ED39371BBB970800DD1251 /* Friends.xcassets in Resources */ = {isa = PBXBuildFile; fileRef = C2ED39361BBB970800DD1251 /* Friends.xcassets */; };
		C2ED393B1BBB976100DD1251 /* Weixin.xcassets in Resources */ = {isa = PBXBuildFile; fileRef = C2ED393A1BBB976100DD1251 /* Weixin.xcassets */; };
		C2ED393F1BBBC4E000DD1251 /* TLMineDetailViewController.m in Sources */ = {isa = PBXBuildFile; fileRef = C2ED393E1BBBC4E000DD1251 /* TLMineDetailViewController.m */; };
/* End PBXBuildFile section */

/* Begin PBXContainerItemProxy section */
		2D1BA7291BA578D2009BB687 /* PBXContainerItemProxy */ = {
			isa = PBXContainerItemProxy;
			containerPortal = 2D1BA7041BA578D2009BB687 /* Project object */;
			proxyType = 1;
			remoteGlobalIDString = 2D1BA70B1BA578D2009BB687;
			remoteInfo = iOSAppTemplate;
		};
/* End PBXContainerItemProxy section */

/* Begin PBXFileReference section */
		2D01200C1BAC76A500CC9988 /* TLWebViewController.h */ = {isa = PBXFileReference; fileEncoding = 4; lastKnownFileType = sourcecode.c.h; path = TLWebViewController.h; sourceTree = "<group>"; };
		2D01200D1BAC76A500CC9988 /* TLWebViewController.m */ = {isa = PBXFileReference; fileEncoding = 4; lastKnownFileType = sourcecode.c.objc; path = TLWebViewController.m; sourceTree = "<group>"; };
		2D1B0E431BAB017600AE423F /* TLDiscoverViewController.h */ = {isa = PBXFileReference; fileEncoding = 4; lastKnownFileType = sourcecode.c.h; path = TLDiscoverViewController.h; sourceTree = "<group>"; };
		2D1B0E441BAB017600AE423F /* TLDiscoverViewController.m */ = {isa = PBXFileReference; fileEncoding = 4; lastKnownFileType = sourcecode.c.objc; path = TLDiscoverViewController.m; sourceTree = "<group>"; };
		2D1B0E4C1BAB280A00AE423F /* TLMineViewController.h */ = {isa = PBXFileReference; fileEncoding = 4; lastKnownFileType = sourcecode.c.h; path = TLMineViewController.h; sourceTree = "<group>"; };
		2D1B0E4D1BAB280A00AE423F /* TLMineViewController.m */ = {isa = PBXFileReference; fileEncoding = 4; lastKnownFileType = sourcecode.c.objc; path = TLMineViewController.m; sourceTree = "<group>"; };
		2D1B0E501BAB2E2F00AE423F /* TLUserDetailCell.h */ = {isa = PBXFileReference; fileEncoding = 4; lastKnownFileType = sourcecode.c.h; path = TLUserDetailCell.h; sourceTree = "<group>"; };
		2D1B0E511BAB2E2F00AE423F /* TLUserDetailCell.m */ = {isa = PBXFileReference; fileEncoding = 4; lastKnownFileType = sourcecode.c.objc; path = TLUserDetailCell.m; sourceTree = "<group>"; };
		2D1BA70C1BA578D2009BB687 /* iOSAppTemplate.app */ = {isa = PBXFileReference; explicitFileType = wrapper.application; includeInIndex = 0; path = iOSAppTemplate.app; sourceTree = BUILT_PRODUCTS_DIR; };
		2D1BA7101BA578D2009BB687 /* Info.plist */ = {isa = PBXFileReference; lastKnownFileType = text.plist.xml; path = Info.plist; sourceTree = "<group>"; };
		2D1BA7111BA578D2009BB687 /* main.m */ = {isa = PBXFileReference; lastKnownFileType = sourcecode.c.objc; path = main.m; sourceTree = "<group>"; };
		2D1BA7131BA578D2009BB687 /* AppDelegate.h */ = {isa = PBXFileReference; lastKnownFileType = sourcecode.c.h; path = AppDelegate.h; sourceTree = "<group>"; };
		2D1BA7141BA578D2009BB687 /* AppDelegate.m */ = {isa = PBXFileReference; lastKnownFileType = sourcecode.c.objc; path = AppDelegate.m; sourceTree = "<group>"; };
		2D1BA7281BA578D2009BB687 /* iOSAppTemplateTests.xctest */ = {isa = PBXFileReference; explicitFileType = wrapper.cfbundle; includeInIndex = 0; path = iOSAppTemplateTests.xctest; sourceTree = BUILT_PRODUCTS_DIR; };
		2D1BA72D1BA578D2009BB687 /* Info.plist */ = {isa = PBXFileReference; lastKnownFileType = text.plist.xml; path = Info.plist; sourceTree = "<group>"; };
		2D1BA72E1BA578D2009BB687 /* iOSAppTemplateTests.m */ = {isa = PBXFileReference; lastKnownFileType = sourcecode.c.objc; path = iOSAppTemplateTests.m; sourceTree = "<group>"; };
		2DAF76A61BA5803D0047E869 /* CommonTableViewController.h */ = {isa = PBXFileReference; fileEncoding = 4; lastKnownFileType = sourcecode.c.h; path = CommonTableViewController.h; sourceTree = "<group>"; };
		2DAF76A71BA5803D0047E869 /* CommonTableViewController.m */ = {isa = PBXFileReference; fileEncoding = 4; lastKnownFileType = sourcecode.c.objc; path = CommonTableViewController.m; sourceTree = "<group>"; };
		2DAF76A91BA5804D0047E869 /* CommonViewController.h */ = {isa = PBXFileReference; fileEncoding = 4; lastKnownFileType = sourcecode.c.h; path = CommonViewController.h; sourceTree = "<group>"; };
		2DAF76AA1BA5804D0047E869 /* CommonViewController.m */ = {isa = PBXFileReference; fileEncoding = 4; lastKnownFileType = sourcecode.c.objc; path = CommonViewController.m; sourceTree = "<group>"; };
		2DAF76B91BA582E80047E869 /* TLRootViewController.h */ = {isa = PBXFileReference; fileEncoding = 4; lastKnownFileType = sourcecode.c.h; path = TLRootViewController.h; sourceTree = "<group>"; };
		2DAF76BA1BA582E80047E869 /* TLRootViewController.m */ = {isa = PBXFileReference; fileEncoding = 4; lastKnownFileType = sourcecode.c.objc; path = TLRootViewController.m; sourceTree = "<group>"; };
		2DAF76BC1BA583670047E869 /* TLNavigationController.h */ = {isa = PBXFileReference; fileEncoding = 4; lastKnownFileType = sourcecode.c.h; path = TLNavigationController.h; sourceTree = "<group>"; };
		2DAF76BD1BA583670047E869 /* TLNavigationController.m */ = {isa = PBXFileReference; fileEncoding = 4; lastKnownFileType = sourcecode.c.objc; path = TLNavigationController.m; sourceTree = "<group>"; };
		38431F7BA1B753F37D7C06FD /* libPods.a */ = {isa = PBXFileReference; explicitFileType = archive.ar; includeInIndex = 0; path = libPods.a; sourceTree = BUILT_PRODUCTS_DIR; };
		96D5D1B7652B72A32F8E9A66 /* Pods.debug.xcconfig */ = {isa = PBXFileReference; includeInIndex = 1; lastKnownFileType = text.xcconfig; name = Pods.debug.xcconfig; path = "Pods/Target Support Files/Pods/Pods.debug.xcconfig"; sourceTree = "<group>"; };
		C2011C251BB3FF4200DB34B3 /* TLChatMessageViewContrller.h */ = {isa = PBXFileReference; fileEncoding = 4; lastKnownFileType = sourcecode.c.h; path = TLChatMessageViewContrller.h; sourceTree = "<group>"; };
		C2011C261BB3FF4200DB34B3 /* TLChatMessageViewContrller.m */ = {isa = PBXFileReference; fileEncoding = 4; lastKnownFileType = sourcecode.c.objc; path = TLChatMessageViewContrller.m; sourceTree = "<group>"; };
		C2011C281BB405F600DB34B3 /* TLInputBoxViewController.h */ = {isa = PBXFileReference; fileEncoding = 4; lastKnownFileType = sourcecode.c.h; path = TLInputBoxViewController.h; sourceTree = "<group>"; };
		C2011C291BB405F600DB34B3 /* TLInputBoxViewController.m */ = {isa = PBXFileReference; fileEncoding = 4; lastKnownFileType = sourcecode.c.objc; path = TLInputBoxViewController.m; sourceTree = "<group>"; };
		C247696F1BA96589007DC0ED /* macros.h */ = {isa = PBXFileReference; fileEncoding = 4; lastKnownFileType = sourcecode.c.h; path = macros.h; sourceTree = "<group>"; };
		C24769731BA96623007DC0ED /* common.h */ = {isa = PBXFileReference; fileEncoding = 4; lastKnownFileType = sourcecode.c.h; path = common.h; sourceTree = "<group>"; };
		C24769741BA96623007DC0ED /* common.m */ = {isa = PBXFileReference; fileEncoding = 4; lastKnownFileType = sourcecode.c.objc; path = common.m; sourceTree = "<group>"; };
		C24769761BA96652007DC0ED /* PrefixHeader.pch */ = {isa = PBXFileReference; lastKnownFileType = sourcecode.c.h; path = PrefixHeader.pch; sourceTree = "<group>"; };
		C247697E1BA96714007DC0ED /* iOSAppTemplate.xcdatamodel */ = {isa = PBXFileReference; lastKnownFileType = wrapper.xcdatamodel; path = iOSAppTemplate.xcdatamodel; sourceTree = "<group>"; };
		C24769821BA9674B007DC0ED /* TLUser.h */ = {isa = PBXFileReference; fileEncoding = 4; lastKnownFileType = sourcecode.c.h; path = TLUser.h; sourceTree = "<group>"; };
		C24769831BA9674B007DC0ED /* TLUser.m */ = {isa = PBXFileReference; fileEncoding = 4; lastKnownFileType = sourcecode.c.objc; path = TLUser.m; sourceTree = "<group>"; };
		C24769861BA967D9007DC0ED /* NSString+TL.h */ = {isa = PBXFileReference; fileEncoding = 4; lastKnownFileType = sourcecode.c.h; path = "NSString+TL.h"; sourceTree = "<group>"; };
		C24769871BA967D9007DC0ED /* NSString+TL.m */ = {isa = PBXFileReference; fileEncoding = 4; lastKnownFileType = sourcecode.c.objc; path = "NSString+TL.m"; sourceTree = "<group>"; };
		C24769881BA967D9007DC0ED /* UIDevice+TL.h */ = {isa = PBXFileReference; fileEncoding = 4; lastKnownFileType = sourcecode.c.h; path = "UIDevice+TL.h"; sourceTree = "<group>"; };
		C24769891BA967D9007DC0ED /* UIDevice+TL.m */ = {isa = PBXFileReference; fileEncoding = 4; lastKnownFileType = sourcecode.c.objc; path = "UIDevice+TL.m"; sourceTree = "<group>"; };
		C247698A1BA967D9007DC0ED /* UIImage+TL.h */ = {isa = PBXFileReference; fileEncoding = 4; lastKnownFileType = sourcecode.c.h; path = "UIImage+TL.h"; sourceTree = "<group>"; };
		C247698B1BA967D9007DC0ED /* UIImage+TL.m */ = {isa = PBXFileReference; fileEncoding = 4; lastKnownFileType = sourcecode.c.objc; path = "UIImage+TL.m"; sourceTree = "<group>"; };
		C247698C1BA967D9007DC0ED /* UIView+TL.h */ = {isa = PBXFileReference; fileEncoding = 4; lastKnownFileType = sourcecode.c.h; path = "UIView+TL.h"; sourceTree = "<group>"; };
		C247698D1BA967D9007DC0ED /* UIView+TL.m */ = {isa = PBXFileReference; fileEncoding = 4; lastKnownFileType = sourcecode.c.objc; path = "UIView+TL.m"; sourceTree = "<group>"; };
		C24769951BA969E3007DC0ED /* IAT.plist */ = {isa = PBXFileReference; fileEncoding = 4; lastKnownFileType = text.plist.xml; path = IAT.plist; sourceTree = "<group>"; };
		C24769AF1BA96A5B007DC0ED /* TLFriendsViewController.h */ = {isa = PBXFileReference; fileEncoding = 4; lastKnownFileType = sourcecode.c.h; path = TLFriendsViewController.h; sourceTree = "<group>"; };
		C24769B01BA96A5B007DC0ED /* TLFriendsViewController.m */ = {isa = PBXFileReference; fileEncoding = 4; lastKnownFileType = sourcecode.c.objc; path = TLFriendsViewController.m; sourceTree = "<group>"; };
		C24769B41BA96ACC007DC0ED /* TLFriendSearchViewController.h */ = {isa = PBXFileReference; fileEncoding = 4; lastKnownFileType = sourcecode.c.h; path = TLFriendSearchViewController.h; sourceTree = "<group>"; };
		C24769B51BA96ACC007DC0ED /* TLFriendSearchViewController.m */ = {isa = PBXFileReference; fileEncoding = 4; lastKnownFileType = sourcecode.c.objc; path = TLFriendSearchViewController.m; sourceTree = "<group>"; };
		C24769B81BA96B23007DC0ED /* TLAddFriendViewController.h */ = {isa = PBXFileReference; fileEncoding = 4; lastKnownFileType = sourcecode.c.h; path = TLAddFriendViewController.h; sourceTree = "<group>"; };
		C24769B91BA96B23007DC0ED /* TLAddFriendViewController.m */ = {isa = PBXFileReference; fileEncoding = 4; lastKnownFileType = sourcecode.c.objc; path = TLAddFriendViewController.m; sourceTree = "<group>"; };
		C24769BC1BA96B87007DC0ED /* TLDetailsViewController.h */ = {isa = PBXFileReference; fileEncoding = 4; lastKnownFileType = sourcecode.c.h; path = TLDetailsViewController.h; sourceTree = "<group>"; };
		C24769BD1BA96B87007DC0ED /* TLDetailsViewController.m */ = {isa = PBXFileReference; fileEncoding = 4; lastKnownFileType = sourcecode.c.objc; path = TLDetailsViewController.m; sourceTree = "<group>"; };
		C24769BF1BA96BD2007DC0ED /* TLDataHelper.h */ = {isa = PBXFileReference; fileEncoding = 4; lastKnownFileType = sourcecode.c.h; path = TLDataHelper.h; sourceTree = "<group>"; };
		C24769C01BA96BD2007DC0ED /* TLDataHelper.m */ = {isa = PBXFileReference; fileEncoding = 4; lastKnownFileType = sourcecode.c.objc; path = TLDataHelper.m; sourceTree = "<group>"; };
		C24769C41BA96C83007DC0ED /* CommonTableViewCell.h */ = {isa = PBXFileReference; fileEncoding = 4; lastKnownFileType = sourcecode.c.h; path = CommonTableViewCell.h; sourceTree = "<group>"; };
		C24769C51BA96C83007DC0ED /* CommonTableViewCell.m */ = {isa = PBXFileReference; fileEncoding = 4; lastKnownFileType = sourcecode.c.objc; path = CommonTableViewCell.m; sourceTree = "<group>"; };
		C24769C71BA96CCC007DC0ED /* TLFriendCell.h */ = {isa = PBXFileReference; fileEncoding = 4; lastKnownFileType = sourcecode.c.h; path = TLFriendCell.h; sourceTree = "<group>"; };
		C24769C81BA96CCC007DC0ED /* TLFriendCell.m */ = {isa = PBXFileReference; fileEncoding = 4; lastKnownFileType = sourcecode.c.objc; path = TLFriendCell.m; sourceTree = "<group>"; };
		C24769CB1BA96E49007DC0ED /* TLConversationViewController.h */ = {isa = PBXFileReference; fileEncoding = 4; lastKnownFileType = sourcecode.c.h; path = TLConversationViewController.h; sourceTree = "<group>"; };
		C24769CC1BA96E49007DC0ED /* TLConversationViewController.m */ = {isa = PBXFileReference; fileEncoding = 4; lastKnownFileType = sourcecode.c.objc; path = TLConversationViewController.m; sourceTree = "<group>"; };
		C24769CE1BA96EF1007DC0ED /* TLConversation.h */ = {isa = PBXFileReference; fileEncoding = 4; lastKnownFileType = sourcecode.c.h; path = TLConversation.h; sourceTree = "<group>"; };
		C24769CF1BA96EF1007DC0ED /* TLConversation.m */ = {isa = PBXFileReference; fileEncoding = 4; lastKnownFileType = sourcecode.c.objc; path = TLConversation.m; sourceTree = "<group>"; };
		C24769D21BA96F29007DC0ED /* TLConversationCell.h */ = {isa = PBXFileReference; fileEncoding = 4; lastKnownFileType = sourcecode.c.h; path = TLConversationCell.h; sourceTree = "<group>"; };
		C24769D31BA96F29007DC0ED /* TLConversationCell.m */ = {isa = PBXFileReference; fileEncoding = 4; lastKnownFileType = sourcecode.c.objc; path = TLConversationCell.m; sourceTree = "<group>"; };
		C24769D61BA97DE1007DC0ED /* TLConfigration.h */ = {isa = PBXFileReference; fileEncoding = 4; lastKnownFileType = sourcecode.c.h; path = TLConfigration.h; sourceTree = "<group>"; };
		C24769D71BA97DE1007DC0ED /* TLConfigration.m */ = {isa = PBXFileReference; fileEncoding = 4; lastKnownFileType = sourcecode.c.objc; path = TLConfigration.m; sourceTree = "<group>"; };
		C2867FF01BABED4800F56B99 /* TLFounctionCell.h */ = {isa = PBXFileReference; fileEncoding = 4; lastKnownFileType = sourcecode.c.h; path = TLFounctionCell.h; sourceTree = "<group>"; };
		C2867FF11BABED4800F56B99 /* TLFounctionCell.m */ = {isa = PBXFileReference; fileEncoding = 4; lastKnownFileType = sourcecode.c.objc; path = TLFounctionCell.m; sourceTree = "<group>"; };
		C29A31C01BB39D6900109CFC /* TLChatViewController.h */ = {isa = PBXFileReference; fileEncoding = 4; lastKnownFileType = sourcecode.c.h; path = TLChatViewController.h; sourceTree = "<group>"; };
		C29A31C11BB39D6900109CFC /* TLChatViewController.m */ = {isa = PBXFileReference; fileEncoding = 4; lastKnownFileType = sourcecode.c.objc; path = TLChatViewController.m; sourceTree = "<group>"; };
		C29A31C51BB39FE500109CFC /* ChatVCImages.xcassets */ = {isa = PBXFileReference; lastKnownFileType = folder.assetcatalog; path = ChatVCImages.xcassets; sourceTree = "<group>"; };
		C29A31C71BB3A17200109CFC /* TLSetting.h */ = {isa = PBXFileReference; fileEncoding = 4; lastKnownFileType = sourcecode.c.h; path = TLSetting.h; sourceTree = "<group>"; };
		C29A31C81BB3A17200109CFC /* TLSetting.m */ = {isa = PBXFileReference; fileEncoding = 4; lastKnownFileType = sourcecode.c.objc; path = TLSetting.m; sourceTree = "<group>"; };
		C29A31CD1BB3A4FF00109CFC /* TLUIHelper.h */ = {isa = PBXFileReference; fileEncoding = 4; lastKnownFileType = sourcecode.c.h; path = TLUIHelper.h; sourceTree = "<group>"; };
		C29A31CE1BB3A4FF00109CFC /* TLUIHelper.m */ = {isa = PBXFileReference; fileEncoding = 4; lastKnownFileType = sourcecode.c.objc; path = TLUIHelper.m; sourceTree = "<group>"; };
		C2ED391C1BBB95C100DD1251 /* 0.jpg */ = {isa = PBXFileReference; lastKnownFileType = image.jpeg; path = 0.jpg; sourceTree = "<group>"; };
		C2ED391D1BBB95C100DD1251 /* 1.jpg */ = {isa = PBXFileReference; lastKnownFileType = image.jpeg; path = 1.jpg; sourceTree = "<group>"; };
		C2ED391E1BBB95C100DD1251 /* 10.jpeg */ = {isa = PBXFileReference; lastKnownFileType = image.jpeg; path = 10.jpeg; sourceTree = "<group>"; };
		C2ED391F1BBB95C100DD1251 /* 11.jpg */ = {isa = PBXFileReference; lastKnownFileType = image.jpeg; path = 11.jpg; sourceTree = "<group>"; };
		C2ED39201BBB95C100DD1251 /* 12.jpg */ = {isa = PBXFileReference; lastKnownFileType = image.jpeg; path = 12.jpg; sourceTree = "<group>"; };
		C2ED39211BBB95C100DD1251 /* 2.jpg */ = {isa = PBXFileReference; lastKnownFileType = image.jpeg; path = 2.jpg; sourceTree = "<group>"; };
		C2ED39221BBB95C100DD1251 /* 4.jpg */ = {isa = PBXFileReference; lastKnownFileType = image.jpeg; path = 4.jpg; sourceTree = "<group>"; };
		C2ED39231BBB95C100DD1251 /* 7.jpg */ = {isa = PBXFileReference; lastKnownFileType = image.jpeg; path = 7.jpg; sourceTree = "<group>"; };
		C2ED39241BBB95C100DD1251 /* 8.jpg */ = {isa = PBXFileReference; lastKnownFileType = image.jpeg; path = 8.jpg; sourceTree = "<group>"; };
		C2ED39301BBB961000DD1251 /* Discover.xcassets */ = {isa = PBXFileReference; lastKnownFileType = folder.assetcatalog; path = Discover.xcassets; sourceTree = "<group>"; };
		C2ED39321BBB966B00DD1251 /* Mine.xcassets */ = {isa = PBXFileReference; lastKnownFileType = folder.assetcatalog; path = Mine.xcassets; sourceTree = "<group>"; };
		C2ED39341BBB96D900DD1251 /* Images.xcassets */ = {isa = PBXFileReference; lastKnownFileType = folder.assetcatalog; path = Images.xcassets; sourceTree = "<group>"; };
		C2ED39361BBB970800DD1251 /* Friends.xcassets */ = {isa = PBXFileReference; lastKnownFileType = folder.assetcatalog; path = Friends.xcassets; sourceTree = "<group>"; };
		C2ED393A1BBB976100DD1251 /* Weixin.xcassets */ = {isa = PBXFileReference; lastKnownFileType = folder.assetcatalog; path = Weixin.xcassets; sourceTree = "<group>"; };
		C2ED393C1BBBA22300DD1251 /* enumerate.h */ = {isa = PBXFileReference; fileEncoding = 4; lastKnownFileType = sourcecode.c.h; path = enumerate.h; sourceTree = "<group>"; };
		C2ED393D1BBBC4E000DD1251 /* TLMineDetailViewController.h */ = {isa = PBXFileReference; fileEncoding = 4; lastKnownFileType = sourcecode.c.h; path = TLMineDetailViewController.h; sourceTree = "<group>"; };
		C2ED393E1BBBC4E000DD1251 /* TLMineDetailViewController.m */ = {isa = PBXFileReference; fileEncoding = 4; lastKnownFileType = sourcecode.c.objc; path = TLMineDetailViewController.m; sourceTree = "<group>"; };
		DCCD342CB6E933ACE2862878 /* Pods.release.xcconfig */ = {isa = PBXFileReference; includeInIndex = 1; lastKnownFileType = text.xcconfig; name = Pods.release.xcconfig; path = "Pods/Target Support Files/Pods/Pods.release.xcconfig"; sourceTree = "<group>"; };
/* End PBXFileReference section */

/* Begin PBXFrameworksBuildPhase section */
		2D1BA7091BA578D2009BB687 /* Frameworks */ = {
			isa = PBXFrameworksBuildPhase;
			buildActionMask = 2147483647;
			files = (
				7F9BFFFCBF4DB85D4C25D242 /* libPods.a in Frameworks */,
			);
			runOnlyForDeploymentPostprocessing = 0;
		};
		2D1BA7251BA578D2009BB687 /* Frameworks */ = {
			isa = PBXFrameworksBuildPhase;
			buildActionMask = 2147483647;
			files = (
			);
			runOnlyForDeploymentPostprocessing = 0;
		};
/* End PBXFrameworksBuildPhase section */

/* Begin PBXGroup section */
		1C07697A37812A931965733A /* Frameworks */ = {
			isa = PBXGroup;
			children = (
				38431F7BA1B753F37D7C06FD /* libPods.a */,
			);
			name = Frameworks;
			sourceTree = "<group>";
		};
		2D01200F1BAC76AC00CC9988 /* WebVC */ = {
			isa = PBXGroup;
			children = (
				2D01200C1BAC76A500CC9988 /* TLWebViewController.h */,
				2D01200D1BAC76A500CC9988 /* TLWebViewController.m */,
			);
			name = WebVC;
			sourceTree = "<group>";
		};
		2D1B0E421BAB014B00AE423F /* DiscoverVC */ = {
			isa = PBXGroup;
			children = (
				2D1B0E431BAB017600AE423F /* TLDiscoverViewController.h */,
				2D1B0E441BAB017600AE423F /* TLDiscoverViewController.m */,
			);
			name = DiscoverVC;
			sourceTree = "<group>";
		};
		2D1B0E471BAB19D300AE423F /* FounctionCell */ = {
			isa = PBXGroup;
			children = (
				C2867FF01BABED4800F56B99 /* TLFounctionCell.h */,
				C2867FF11BABED4800F56B99 /* TLFounctionCell.m */,
			);
			name = FounctionCell;
			sourceTree = "<group>";
		};
		2D1B0E4B1BAB27F300AE423F /* MineVC */ = {
			isa = PBXGroup;
			children = (
				2D1B0E4C1BAB280A00AE423F /* TLMineViewController.h */,
				2D1B0E4D1BAB280A00AE423F /* TLMineViewController.m */,
				C2ED393D1BBBC4E000DD1251 /* TLMineDetailViewController.h */,
				C2ED393E1BBBC4E000DD1251 /* TLMineDetailViewController.m */,
			);
			name = MineVC;
			sourceTree = "<group>";
		};
		2D1B0E4F1BAB2E1E00AE423F /* DetailCell */ = {
			isa = PBXGroup;
			children = (
				2D1B0E501BAB2E2F00AE423F /* TLUserDetailCell.h */,
				2D1B0E511BAB2E2F00AE423F /* TLUserDetailCell.m */,
			);
			name = DetailCell;
			sourceTree = "<group>";
		};
		2D1BA7031BA578D2009BB687 = {
			isa = PBXGroup;
			children = (
				2D1BA70E1BA578D2009BB687 /* iOSAppTemplate */,
				2D1BA72B1BA578D2009BB687 /* iOSAppTemplateTests */,
				2D1BA70D1BA578D2009BB687 /* Products */,
				69338888ACD256ADB609C022 /* Pods */,
				1C07697A37812A931965733A /* Frameworks */,
			);
			sourceTree = "<group>";
		};
		2D1BA70D1BA578D2009BB687 /* Products */ = {
			isa = PBXGroup;
			children = (
				2D1BA70C1BA578D2009BB687 /* iOSAppTemplate.app */,
				2D1BA7281BA578D2009BB687 /* iOSAppTemplateTests.xctest */,
			);
			name = Products;
			sourceTree = "<group>";
		};
		2D1BA70E1BA578D2009BB687 /* iOSAppTemplate */ = {
			isa = PBXGroup;
			children = (
				2D1BA7131BA578D2009BB687 /* AppDelegate.h */,
				2D1BA7141BA578D2009BB687 /* AppDelegate.m */,
				C247696E1BA9655C007DC0ED /* Helper */,
				C24769811BA9673A007DC0ED /* Models */,
				2DAF76991BA57FFB0047E869 /* Controllers */,
				C24769801BA96734007DC0ED /* Views */,
				C247697B1BA96714007DC0ED /* Extensions */,
				C24769971BA96A23007DC0ED /* Resource */,
				2D1BA70F1BA578D2009BB687 /* Supporting Files */,
			);
			path = iOSAppTemplate;
			sourceTree = "<group>";
		};
		2D1BA70F1BA578D2009BB687 /* Supporting Files */ = {
			isa = PBXGroup;
			children = (
				C24769761BA96652007DC0ED /* PrefixHeader.pch */,
				2D1BA7101BA578D2009BB687 /* Info.plist */,
				2D1BA7111BA578D2009BB687 /* main.m */,
			);
			name = "Supporting Files";
			sourceTree = "<group>";
		};
		2D1BA72B1BA578D2009BB687 /* iOSAppTemplateTests */ = {
			isa = PBXGroup;
			children = (
				2D1BA72E1BA578D2009BB687 /* iOSAppTemplateTests.m */,
				2D1BA72C1BA578D2009BB687 /* Supporting Files */,
			);
			path = iOSAppTemplateTests;
			sourceTree = "<group>";
		};
		2D1BA72C1BA578D2009BB687 /* Supporting Files */ = {
			isa = PBXGroup;
			children = (
				2D1BA72D1BA578D2009BB687 /* Info.plist */,
			);
			name = "Supporting Files";
			sourceTree = "<group>";
		};
		2DAF76991BA57FFB0047E869 /* Controllers */ = {
			isa = PBXGroup;
			children = (
				2DAF76B91BA582E80047E869 /* TLRootViewController.h */,
				2DAF76BA1BA582E80047E869 /* TLRootViewController.m */,
				2DAF769A1BA57FFB0047E869 /* CommonVC */,
				C24769CA1BA96E34007DC0ED /* ConversationVC */,
				C24769B21BA96A61007DC0ED /* FriendListVC */,
				2D1B0E421BAB014B00AE423F /* DiscoverVC */,
				2D1B0E4B1BAB27F300AE423F /* MineVC */,
				C29A31BF1BB39D3E00109CFC /* ChatVC */,
				C24769BB1BA96B6C007DC0ED /* DetailsVC */,
				2D01200F1BAC76AC00CC9988 /* WebVC */,
			);
			path = Controllers;
			sourceTree = "<group>";
		};
		2DAF769A1BA57FFB0047E869 /* CommonVC */ = {
			isa = PBXGroup;
			children = (
				2DAF76A61BA5803D0047E869 /* CommonTableViewController.h */,
				2DAF76A71BA5803D0047E869 /* CommonTableViewController.m */,
				2DAF76A91BA5804D0047E869 /* CommonViewController.h */,
				2DAF76AA1BA5804D0047E869 /* CommonViewController.m */,
				2DAF76BC1BA583670047E869 /* TLNavigationController.h */,
				2DAF76BD1BA583670047E869 /* TLNavigationController.m */,
			);
			path = CommonVC;
			sourceTree = "<group>";
		};
		69338888ACD256ADB609C022 /* Pods */ = {
			isa = PBXGroup;
			children = (
				96D5D1B7652B72A32F8E9A66 /* Pods.debug.xcconfig */,
				DCCD342CB6E933ACE2862878 /* Pods.release.xcconfig */,
			);
			name = Pods;
			sourceTree = "<group>";
		};
		C247696E1BA9655C007DC0ED /* Helper */ = {
			isa = PBXGroup;
			children = (
				C247696F1BA96589007DC0ED /* macros.h */,
				C24769731BA96623007DC0ED /* common.h */,
				C24769741BA96623007DC0ED /* common.m */,
				C2ED393C1BBBA22300DD1251 /* enumerate.h */,
				C24769D61BA97DE1007DC0ED /* TLConfigration.h */,
				C24769D71BA97DE1007DC0ED /* TLConfigration.m */,
				C24769BF1BA96BD2007DC0ED /* TLDataHelper.h */,
				C24769C01BA96BD2007DC0ED /* TLDataHelper.m */,
				C29A31CD1BB3A4FF00109CFC /* TLUIHelper.h */,
				C29A31CE1BB3A4FF00109CFC /* TLUIHelper.m */,
			);
			path = Helper;
			sourceTree = "<group>";
		};
		C247697B1BA96714007DC0ED /* Extensions */ = {
			isa = PBXGroup;
			children = (
				C24769941BA969BD007DC0ED /* Plist */,
				C24769851BA96799007DC0ED /* Category */,
				C247697C1BA96714007DC0ED /* Database */,
			);
			path = Extensions;
			sourceTree = "<group>";
		};
		C247697C1BA96714007DC0ED /* Database */ = {
			isa = PBXGroup;
			children = (
				C247697D1BA96714007DC0ED /* iOSAppTemplate.xcdatamodeld */,
			);
			path = Database;
			sourceTree = "<group>";
		};
		C24769801BA96734007DC0ED /* Views */ = {
			isa = PBXGroup;
			children = (
				C24769C31BA96C50007DC0ED /* Common */,
				C24769C21BA96C30007DC0ED /* FriendsCell */,
				C24769D11BA96F0D007DC0ED /* ConversationCell */,
				2D1B0E4F1BAB2E1E00AE423F /* DetailCell */,
				2D1B0E471BAB19D300AE423F /* FounctionCell */,
			);
			path = Views;
			sourceTree = "<group>";
		};
		C24769811BA9673A007DC0ED /* Models */ = {
			isa = PBXGroup;
			children = (
				C24769821BA9674B007DC0ED /* TLUser.h */,
				C24769831BA9674B007DC0ED /* TLUser.m */,
				C24769CE1BA96EF1007DC0ED /* TLConversation.h */,
				C24769CF1BA96EF1007DC0ED /* TLConversation.m */,
				C29A31C71BB3A17200109CFC /* TLSetting.h */,
				C29A31C81BB3A17200109CFC /* TLSetting.m */,
			);
			path = Models;
			sourceTree = "<group>";
		};
		C24769851BA96799007DC0ED /* Category */ = {
			isa = PBXGroup;
			children = (
				C24769861BA967D9007DC0ED /* NSString+TL.h */,
				C24769871BA967D9007DC0ED /* NSString+TL.m */,
				C24769881BA967D9007DC0ED /* UIDevice+TL.h */,
				C24769891BA967D9007DC0ED /* UIDevice+TL.m */,
				C247698A1BA967D9007DC0ED /* UIImage+TL.h */,
				C247698B1BA967D9007DC0ED /* UIImage+TL.m */,
				C247698C1BA967D9007DC0ED /* UIView+TL.h */,
				C247698D1BA967D9007DC0ED /* UIView+TL.m */,
			);
			path = Category;
			sourceTree = "<group>";
		};
		C24769941BA969BD007DC0ED /* Plist */ = {
			isa = PBXGroup;
			children = (
				C24769951BA969E3007DC0ED /* IAT.plist */,
			);
			path = Plist;
			sourceTree = "<group>";
		};
		C24769971BA96A23007DC0ED /* Resource */ = {
			isa = PBXGroup;
			children = (
				C2ED391B1BBB95C100DD1251 /* images */,
			);
			path = Resource;
			sourceTree = "<group>";
		};
		C24769B21BA96A61007DC0ED /* FriendListVC */ = {
			isa = PBXGroup;
			children = (
				C24769AF1BA96A5B007DC0ED /* TLFriendsViewController.h */,
				C24769B01BA96A5B007DC0ED /* TLFriendsViewController.m */,
				C24769B31BA96AAB007DC0ED /* FriendSearchVC */,
				C24769B71BA96B02007DC0ED /* AddFriendVC */,
			);
			name = FriendListVC;
			sourceTree = "<group>";
		};
		C24769B31BA96AAB007DC0ED /* FriendSearchVC */ = {
			isa = PBXGroup;
			children = (
				C24769B41BA96ACC007DC0ED /* TLFriendSearchViewController.h */,
				C24769B51BA96ACC007DC0ED /* TLFriendSearchViewController.m */,
			);
			name = FriendSearchVC;
			sourceTree = "<group>";
		};
		C24769B71BA96B02007DC0ED /* AddFriendVC */ = {
			isa = PBXGroup;
			children = (
				C24769B81BA96B23007DC0ED /* TLAddFriendViewController.h */,
				C24769B91BA96B23007DC0ED /* TLAddFriendViewController.m */,
			);
			name = AddFriendVC;
			sourceTree = "<group>";
		};
		C24769BB1BA96B6C007DC0ED /* DetailsVC */ = {
			isa = PBXGroup;
			children = (
				C24769BC1BA96B87007DC0ED /* TLDetailsViewController.h */,
				C24769BD1BA96B87007DC0ED /* TLDetailsViewController.m */,
			);
			name = DetailsVC;
			sourceTree = "<group>";
		};
		C24769C21BA96C30007DC0ED /* FriendsCell */ = {
			isa = PBXGroup;
			children = (
				C24769C71BA96CCC007DC0ED /* TLFriendCell.h */,
				C24769C81BA96CCC007DC0ED /* TLFriendCell.m */,
			);
			name = FriendsCell;
			sourceTree = "<group>";
		};
		C24769C31BA96C50007DC0ED /* Common */ = {
			isa = PBXGroup;
			children = (
				C24769C41BA96C83007DC0ED /* CommonTableViewCell.h */,
				C24769C51BA96C83007DC0ED /* CommonTableViewCell.m */,
			);
			path = Common;
			sourceTree = "<group>";
		};
		C24769CA1BA96E34007DC0ED /* ConversationVC */ = {
			isa = PBXGroup;
			children = (
				C24769CB1BA96E49007DC0ED /* TLConversationViewController.h */,
				C24769CC1BA96E49007DC0ED /* TLConversationViewController.m */,
			);
			name = ConversationVC;
			sourceTree = "<group>";
		};
		C24769D11BA96F0D007DC0ED /* ConversationCell */ = {
			isa = PBXGroup;
			children = (
				C24769D21BA96F29007DC0ED /* TLConversationCell.h */,
				C24769D31BA96F29007DC0ED /* TLConversationCell.m */,
			);
			name = ConversationCell;
			sourceTree = "<group>";
		};
		C29A31BF1BB39D3E00109CFC /* ChatVC */ = {
			isa = PBXGroup;
			children = (
				C29A31C01BB39D6900109CFC /* TLChatViewController.h */,
				C29A31C11BB39D6900109CFC /* TLChatViewController.m */,
				C29A31C41BB39F6700109CFC /* MessageListVC */,
				C29A31C31BB39F5E00109CFC /* InputBoxVC */,
				C29A31C51BB39FE500109CFC /* ChatVCImages.xcassets */,
			);
			name = ChatVC;
			sourceTree = "<group>";
		};
		C29A31C31BB39F5E00109CFC /* InputBoxVC */ = {
			isa = PBXGroup;
			children = (
				C2011C281BB405F600DB34B3 /* TLInputBoxViewController.h */,
				C2011C291BB405F600DB34B3 /* TLInputBoxViewController.m */,
			);
			name = InputBoxVC;
			sourceTree = "<group>";
		};
		C29A31C41BB39F6700109CFC /* MessageListVC */ = {
			isa = PBXGroup;
			children = (
				C2011C251BB3FF4200DB34B3 /* TLChatMessageViewContrller.h */,
				C2011C261BB3FF4200DB34B3 /* TLChatMessageViewContrller.m */,
			);
			name = MessageListVC;
			sourceTree = "<group>";
		};
		C2ED391B1BBB95C100DD1251 /* images */ = {
			isa = PBXGroup;
			children = (
				C2ED39341BBB96D900DD1251 /* Images.xcassets */,
				C2ED393A1BBB976100DD1251 /* Weixin.xcassets */,
				C2ED39361BBB970800DD1251 /* Friends.xcassets */,
				C2ED39301BBB961000DD1251 /* Discover.xcassets */,
				C2ED39321BBB966B00DD1251 /* Mine.xcassets */,
				C2ED391C1BBB95C100DD1251 /* 0.jpg */,
				C2ED391D1BBB95C100DD1251 /* 1.jpg */,
				C2ED391E1BBB95C100DD1251 /* 10.jpeg */,
				C2ED391F1BBB95C100DD1251 /* 11.jpg */,
				C2ED39201BBB95C100DD1251 /* 12.jpg */,
				C2ED39211BBB95C100DD1251 /* 2.jpg */,
				C2ED39221BBB95C100DD1251 /* 4.jpg */,
				C2ED39231BBB95C100DD1251 /* 7.jpg */,
				C2ED39241BBB95C100DD1251 /* 8.jpg */,
			);
			path = images;
			sourceTree = "<group>";
		};
/* End PBXGroup section */

/* Begin PBXNativeTarget section */
		2D1BA70B1BA578D2009BB687 /* iOSAppTemplate */ = {
			isa = PBXNativeTarget;
			buildConfigurationList = 2D1BA7321BA578D2009BB687 /* Build configuration list for PBXNativeTarget "iOSAppTemplate" */;
			buildPhases = (
				174D288284F1B2364E101AC5 /* Check Pods Manifest.lock */,
				2D1BA7081BA578D2009BB687 /* Sources */,
				2D1BA7091BA578D2009BB687 /* Frameworks */,
				2D1BA70A1BA578D2009BB687 /* Resources */,
				7746EDECCEE6B2209D4B5883 /* Copy Pods Resources */,
			);
			buildRules = (
			);
			dependencies = (
			);
			name = iOSAppTemplate;
			productName = iOSAppTemplate;
			productReference = 2D1BA70C1BA578D2009BB687 /* iOSAppTemplate.app */;
			productType = "com.apple.product-type.application";
		};
		2D1BA7271BA578D2009BB687 /* iOSAppTemplateTests */ = {
			isa = PBXNativeTarget;
			buildConfigurationList = 2D1BA7351BA578D2009BB687 /* Build configuration list for PBXNativeTarget "iOSAppTemplateTests" */;
			buildPhases = (
				2D1BA7241BA578D2009BB687 /* Sources */,
				2D1BA7251BA578D2009BB687 /* Frameworks */,
				2D1BA7261BA578D2009BB687 /* Resources */,
			);
			buildRules = (
			);
			dependencies = (
				2D1BA72A1BA578D2009BB687 /* PBXTargetDependency */,
			);
			name = iOSAppTemplateTests;
			productName = iOSAppTemplateTests;
			productReference = 2D1BA7281BA578D2009BB687 /* iOSAppTemplateTests.xctest */;
			productType = "com.apple.product-type.bundle.unit-test";
		};
/* End PBXNativeTarget section */

/* Begin PBXProject section */
		2D1BA7041BA578D2009BB687 /* Project object */ = {
			isa = PBXProject;
			attributes = {
				LastUpgradeCheck = 0700;
				ORGANIZATIONNAME = lbk;
				TargetAttributes = {
					2D1BA70B1BA578D2009BB687 = {
						CreatedOnToolsVersion = 6.4;
					};
					2D1BA7271BA578D2009BB687 = {
						CreatedOnToolsVersion = 6.4;
						TestTargetID = 2D1BA70B1BA578D2009BB687;
					};
				};
			};
			buildConfigurationList = 2D1BA7071BA578D2009BB687 /* Build configuration list for PBXProject "iOSAppTemplate" */;
			compatibilityVersion = "Xcode 3.2";
			developmentRegion = English;
			hasScannedForEncodings = 0;
			knownRegions = (
				en,
				Base,
			);
			mainGroup = 2D1BA7031BA578D2009BB687;
			productRefGroup = 2D1BA70D1BA578D2009BB687 /* Products */;
			projectDirPath = "";
			projectRoot = "";
			targets = (
				2D1BA70B1BA578D2009BB687 /* iOSAppTemplate */,
				2D1BA7271BA578D2009BB687 /* iOSAppTemplateTests */,
			);
		};
/* End PBXProject section */

/* Begin PBXResourcesBuildPhase section */
		2D1BA70A1BA578D2009BB687 /* Resources */ = {
			isa = PBXResourcesBuildPhase;
			buildActionMask = 2147483647;
			files = (
				C2ED392D1BBB95C100DD1251 /* 8.jpg in Resources */,
				C2ED392C1BBB95C100DD1251 /* 7.jpg in Resources */,
				C2ED39311BBB961000DD1251 /* Discover.xcassets in Resources */,
				C2ED39291BBB95C100DD1251 /* 12.jpg in Resources */,
				C2ED39271BBB95C100DD1251 /* 10.jpeg in Resources */,
				C2ED39251BBB95C100DD1251 /* 0.jpg in Resources */,
				C2ED392A1BBB95C100DD1251 /* 2.jpg in Resources */,
				C29A31C61BB39FE500109CFC /* ChatVCImages.xcassets in Resources */,
				C2ED39331BBB966B00DD1251 /* Mine.xcassets in Resources */,
				C2ED39351BBB96D900DD1251 /* Images.xcassets in Resources */,
				C24769961BA969E3007DC0ED /* IAT.plist in Resources */,
				C2ED39281BBB95C100DD1251 /* 11.jpg in Resources */,
				C2ED392B1BBB95C100DD1251 /* 4.jpg in Resources */,
				C2ED39261BBB95C100DD1251 /* 1.jpg in Resources */,
				C2ED39371BBB970800DD1251 /* Friends.xcassets in Resources */,
				C2ED393B1BBB976100DD1251 /* Weixin.xcassets in Resources */,
			);
			runOnlyForDeploymentPostprocessing = 0;
		};
		2D1BA7261BA578D2009BB687 /* Resources */ = {
			isa = PBXResourcesBuildPhase;
			buildActionMask = 2147483647;
			files = (
			);
			runOnlyForDeploymentPostprocessing = 0;
		};
/* End PBXResourcesBuildPhase section */

/* Begin PBXShellScriptBuildPhase section */
		174D288284F1B2364E101AC5 /* Check Pods Manifest.lock */ = {
			isa = PBXShellScriptBuildPhase;
			buildActionMask = 2147483647;
			files = (
			);
			inputPaths = (
			);
			name = "Check Pods Manifest.lock";
			outputPaths = (
			);
			runOnlyForDeploymentPostprocessing = 0;
			shellPath = /bin/sh;
			shellScript = "diff \"${PODS_ROOT}/../Podfile.lock\" \"${PODS_ROOT}/Manifest.lock\" > /dev/null\nif [[ $? != 0 ]] ; then\n    cat << EOM\nerror: The sandbox is not in sync with the Podfile.lock. Run 'pod install' or update your CocoaPods installation.\nEOM\n    exit 1\nfi\n";
			showEnvVarsInLog = 0;
		};
		7746EDECCEE6B2209D4B5883 /* Copy Pods Resources */ = {
			isa = PBXShellScriptBuildPhase;
			buildActionMask = 2147483647;
			files = (
			);
			inputPaths = (
			);
			name = "Copy Pods Resources";
			outputPaths = (
			);
			runOnlyForDeploymentPostprocessing = 0;
			shellPath = /bin/sh;
			shellScript = "\"${SRCROOT}/Pods/Target Support Files/Pods/Pods-resources.sh\"\n";
			showEnvVarsInLog = 0;
		};
/* End PBXShellScriptBuildPhase section */

/* Begin PBXSourcesBuildPhase section */
		2D1BA7081BA578D2009BB687 /* Sources */ = {
			isa = PBXSourcesBuildPhase;
			buildActionMask = 2147483647;
			files = (
				C247698E1BA967D9007DC0ED /* NSString+TL.m in Sources */,
				C24769911BA967D9007DC0ED /* UIView+TL.m in Sources */,
				2D1BA7151BA578D2009BB687 /* AppDelegate.m in Sources */,
				2D1B0E4E1BAB280A00AE423F /* TLMineViewController.m in Sources */,
				C24769B61BA96ACC007DC0ED /* TLFriendSearchViewController.m in Sources */,
				2D1B0E451BAB017600AE423F /* TLDiscoverViewController.m in Sources */,
				2D1BA7121BA578D2009BB687 /* main.m in Sources */,
				C24769BE1BA96B87007DC0ED /* TLDetailsViewController.m in Sources */,
				C29A31CF1BB3A4FF00109CFC /* TLUIHelper.m in Sources */,
				2D1B0E521BAB2E2F00AE423F /* TLUserDetailCell.m in Sources */,
				C24769C61BA96C83007DC0ED /* CommonTableViewCell.m in Sources */,
				C2ED393F1BBBC4E000DD1251 /* TLMineDetailViewController.m in Sources */,
				C24769751BA96623007DC0ED /* common.m in Sources */,
				C2867FF31BABEDD600F56B99 /* TLFounctionCell.m in Sources */,
				2D01200E1BAC76A500CC9988 /* TLWebViewController.m in Sources */,
				C24769D01BA96EF1007DC0ED /* TLConversation.m in Sources */,
				C24769BA1BA96B23007DC0ED /* TLAddFriendViewController.m in Sources */,
				C2011C2A1BB405F600DB34B3 /* TLInputBoxViewController.m in Sources */,
				C29A31C21BB39D6900109CFC /* TLChatViewController.m in Sources */,
				C2011C271BB3FF4200DB34B3 /* TLChatMessageViewContrller.m in Sources */,
				C24769C91BA96CCC007DC0ED /* TLFriendCell.m in Sources */,
				C24769901BA967D9007DC0ED /* UIImage+TL.m in Sources */,
				C24769CD1BA96E49007DC0ED /* TLConversationViewController.m in Sources */,
				C247697F1BA96714007DC0ED /* iOSAppTemplate.xcdatamodeld in Sources */,
				C24769D81BA97DE1007DC0ED /* TLConfigration.m in Sources */,
				C247698F1BA967D9007DC0ED /* UIDevice+TL.m in Sources */,
				C24769B11BA96A5B007DC0ED /* TLFriendsViewController.m in Sources */,
				2DAF76A81BA5803D0047E869 /* CommonTableViewController.m in Sources */,
				C24769C11BA96BD2007DC0ED /* TLDataHelper.m in Sources */,
				2DAF76BB1BA582E80047E869 /* TLRootViewController.m in Sources */,
				2DAF76AB1BA5804D0047E869 /* CommonViewController.m in Sources */,
				C24769D41BA96F29007DC0ED /* TLConversationCell.m in Sources */,
				C24769841BA9674B007DC0ED /* TLUser.m in Sources */,
				2DAF76BE1BA583670047E869 /* TLNavigationController.m in Sources */,
				C29A31C91BB3A17200109CFC /* TLSetting.m in Sources */,
			);
			runOnlyForDeploymentPostprocessing = 0;
		};
		2D1BA7241BA578D2009BB687 /* Sources */ = {
			isa = PBXSourcesBuildPhase;
			buildActionMask = 2147483647;
			files = (
				2D1BA72F1BA578D2009BB687 /* iOSAppTemplateTests.m in Sources */,
			);
			runOnlyForDeploymentPostprocessing = 0;
		};
/* End PBXSourcesBuildPhase section */

/* Begin PBXTargetDependency section */
		2D1BA72A1BA578D2009BB687 /* PBXTargetDependency */ = {
			isa = PBXTargetDependency;
			target = 2D1BA70B1BA578D2009BB687 /* iOSAppTemplate */;
			targetProxy = 2D1BA7291BA578D2009BB687 /* PBXContainerItemProxy */;
		};
/* End PBXTargetDependency section */

/* Begin XCBuildConfiguration section */
		2D1BA7301BA578D2009BB687 /* Debug */ = {
			isa = XCBuildConfiguration;
			buildSettings = {
				ALWAYS_SEARCH_USER_PATHS = NO;
				CLANG_CXX_LANGUAGE_STANDARD = "gnu++0x";
				CLANG_CXX_LIBRARY = "libc++";
				CLANG_ENABLE_MODULES = YES;
				CLANG_ENABLE_OBJC_ARC = YES;
				CLANG_WARN_BOOL_CONVERSION = YES;
				CLANG_WARN_CONSTANT_CONVERSION = YES;
				CLANG_WARN_DIRECT_OBJC_ISA_USAGE = YES_ERROR;
				CLANG_WARN_EMPTY_BODY = YES;
				CLANG_WARN_ENUM_CONVERSION = YES;
				CLANG_WARN_INT_CONVERSION = YES;
				CLANG_WARN_OBJC_ROOT_CLASS = YES_ERROR;
				CLANG_WARN_UNREACHABLE_CODE = YES;
				CLANG_WARN__DUPLICATE_METHOD_MATCH = YES;
				"CODE_SIGN_IDENTITY[sdk=iphoneos*]" = "iPhone Developer";
				COPY_PHASE_STRIP = NO;
				DEBUG_INFORMATION_FORMAT = "dwarf-with-dsym";
				ENABLE_STRICT_OBJC_MSGSEND = YES;
				ENABLE_TESTABILITY = YES;
				GCC_C_LANGUAGE_STANDARD = gnu99;
				GCC_DYNAMIC_NO_PIC = NO;
				GCC_NO_COMMON_BLOCKS = YES;
				GCC_OPTIMIZATION_LEVEL = 0;
				GCC_PREPROCESSOR_DEFINITIONS = (
					"DEBUG=1",
					"$(inherited)",
				);
				GCC_SYMBOLS_PRIVATE_EXTERN = NO;
				GCC_WARN_64_TO_32_BIT_CONVERSION = YES;
				GCC_WARN_ABOUT_RETURN_TYPE = YES_ERROR;
				GCC_WARN_UNDECLARED_SELECTOR = YES;
				GCC_WARN_UNINITIALIZED_AUTOS = YES_AGGRESSIVE;
				GCC_WARN_UNUSED_FUNCTION = YES;
				GCC_WARN_UNUSED_VARIABLE = YES;
				IPHONEOS_DEPLOYMENT_TARGET = 8.4;
				MTL_ENABLE_DEBUG_INFO = YES;
				ONLY_ACTIVE_ARCH = YES;
				SDKROOT = iphoneos;
				TARGETED_DEVICE_FAMILY = "1,2";
			};
			name = Debug;
		};
		2D1BA7311BA578D2009BB687 /* Release */ = {
			isa = XCBuildConfiguration;
			buildSettings = {
				ALWAYS_SEARCH_USER_PATHS = NO;
				CLANG_CXX_LANGUAGE_STANDARD = "gnu++0x";
				CLANG_CXX_LIBRARY = "libc++";
				CLANG_ENABLE_MODULES = YES;
				CLANG_ENABLE_OBJC_ARC = YES;
				CLANG_WARN_BOOL_CONVERSION = YES;
				CLANG_WARN_CONSTANT_CONVERSION = YES;
				CLANG_WARN_DIRECT_OBJC_ISA_USAGE = YES_ERROR;
				CLANG_WARN_EMPTY_BODY = YES;
				CLANG_WARN_ENUM_CONVERSION = YES;
				CLANG_WARN_INT_CONVERSION = YES;
				CLANG_WARN_OBJC_ROOT_CLASS = YES_ERROR;
				CLANG_WARN_UNREACHABLE_CODE = YES;
				CLANG_WARN__DUPLICATE_METHOD_MATCH = YES;
				"CODE_SIGN_IDENTITY[sdk=iphoneos*]" = "iPhone Developer";
				COPY_PHASE_STRIP = NO;
				DEBUG_INFORMATION_FORMAT = "dwarf-with-dsym";
				ENABLE_NS_ASSERTIONS = NO;
				ENABLE_STRICT_OBJC_MSGSEND = YES;
				GCC_C_LANGUAGE_STANDARD = gnu99;
				GCC_NO_COMMON_BLOCKS = YES;
				GCC_WARN_64_TO_32_BIT_CONVERSION = YES;
				GCC_WARN_ABOUT_RETURN_TYPE = YES_ERROR;
				GCC_WARN_UNDECLARED_SELECTOR = YES;
				GCC_WARN_UNINITIALIZED_AUTOS = YES_AGGRESSIVE;
				GCC_WARN_UNUSED_FUNCTION = YES;
				GCC_WARN_UNUSED_VARIABLE = YES;
				IPHONEOS_DEPLOYMENT_TARGET = 8.4;
				MTL_ENABLE_DEBUG_INFO = NO;
				SDKROOT = iphoneos;
				TARGETED_DEVICE_FAMILY = "1,2";
				VALIDATE_PRODUCT = YES;
			};
			name = Release;
		};
		2D1BA7331BA578D2009BB687 /* Debug */ = {
			isa = XCBuildConfiguration;
			baseConfigurationReference = 96D5D1B7652B72A32F8E9A66 /* Pods.debug.xcconfig */;
			buildSettings = {
				ASSETCATALOG_COMPILER_APPICON_NAME = AppIcon;
				ASSETCATALOG_COMPILER_LAUNCHIMAGE_NAME = LaunchImage;
				CODE_SIGN_IDENTITY = "";
				"CODE_SIGN_IDENTITY[sdk=iphoneos*]" = "iPhone Developer: su min li (9364STDFZB)";
				GCC_PREFIX_HEADER = "$(SRCROOT)/iOSAppTemplate/PrefixHeader.pch";
				INFOPLIST_FILE = iOSAppTemplate/Info.plist;
				IPHONEOS_DEPLOYMENT_TARGET = 7.0;
				LD_RUNPATH_SEARCH_PATHS = "$(inherited) @executable_path/Frameworks";
				PRODUCT_BUNDLE_IDENTIFIER = com.lbk.iOSAppTemplate;
				PRODUCT_NAME = "$(TARGET_NAME)";
				PROVISIONING_PROFILE = "";
				TARGETED_DEVICE_FAMILY = 1;
			};
			name = Debug;
		};
		2D1BA7341BA578D2009BB687 /* Release */ = {
			isa = XCBuildConfiguration;
			baseConfigurationReference = DCCD342CB6E933ACE2862878 /* Pods.release.xcconfig */;
			buildSettings = {
				ASSETCATALOG_COMPILER_APPICON_NAME = AppIcon;
				ASSETCATALOG_COMPILER_LAUNCHIMAGE_NAME = LaunchImage;
				CODE_SIGN_IDENTITY = "iPhone Developer";
				"CODE_SIGN_IDENTITY[sdk=iphoneos*]" = "";
				GCC_PREFIX_HEADER = "$(SRCROOT)/iOSAppTemplate/PrefixHeader.pch";
				INFOPLIST_FILE = iOSAppTemplate/Info.plist;
				IPHONEOS_DEPLOYMENT_TARGET = 7.0;
				LD_RUNPATH_SEARCH_PATHS = "$(inherited) @executable_path/Frameworks";
				PRODUCT_BUNDLE_IDENTIFIER = com.lbk.iOSAppTemplate;
				PRODUCT_NAME = "$(TARGET_NAME)";
				PROVISIONING_PROFILE = "";
				TARGETED_DEVICE_FAMILY = 1;
			};
			name = Release;
		};
		2D1BA7361BA578D2009BB687 /* Debug */ = {
			isa = XCBuildConfiguration;
			buildSettings = {
				BUNDLE_LOADER = "$(TEST_HOST)";
				FRAMEWORK_SEARCH_PATHS = (
					"$(SDKROOT)/Developer/Library/Frameworks",
					"$(inherited)",
				);
				GCC_PREPROCESSOR_DEFINITIONS = (
					"DEBUG=1",
					"$(inherited)",
				);
				INFOPLIST_FILE = iOSAppTemplateTests/Info.plist;
				LD_RUNPATH_SEARCH_PATHS = "$(inherited) @executable_path/Frameworks @loader_path/Frameworks";
				PRODUCT_BUNDLE_IDENTIFIER = "com.lbk.$(PRODUCT_NAME:rfc1034identifier)";
				PRODUCT_NAME = "$(TARGET_NAME)";
				TEST_HOST = "$(BUILT_PRODUCTS_DIR)/iOSAppTemplate.app/iOSAppTemplate";
			};
			name = Debug;
		};
		2D1BA7371BA578D2009BB687 /* Release */ = {
			isa = XCBuildConfiguration;
			buildSettings = {
				BUNDLE_LOADER = "$(TEST_HOST)";
				FRAMEWORK_SEARCH_PATHS = (
					"$(SDKROOT)/Developer/Library/Frameworks",
					"$(inherited)",
				);
				INFOPLIST_FILE = iOSAppTemplateTests/Info.plist;
				LD_RUNPATH_SEARCH_PATHS = "$(inherited) @executable_path/Frameworks @loader_path/Frameworks";
				PRODUCT_BUNDLE_IDENTIFIER = "com.lbk.$(PRODUCT_NAME:rfc1034identifier)";
				PRODUCT_NAME = "$(TARGET_NAME)";
				TEST_HOST = "$(BUILT_PRODUCTS_DIR)/iOSAppTemplate.app/iOSAppTemplate";
			};
			name = Release;
		};
/* End XCBuildConfiguration section */

/* Begin XCConfigurationList section */
		2D1BA7071BA578D2009BB687 /* Build configuration list for PBXProject "iOSAppTemplate" */ = {
			isa = XCConfigurationList;
			buildConfigurations = (
				2D1BA7301BA578D2009BB687 /* Debug */,
				2D1BA7311BA578D2009BB687 /* Release */,
			);
			defaultConfigurationIsVisible = 0;
			defaultConfigurationName = Release;
		};
		2D1BA7321BA578D2009BB687 /* Build configuration list for PBXNativeTarget "iOSAppTemplate" */ = {
			isa = XCConfigurationList;
			buildConfigurations = (
				2D1BA7331BA578D2009BB687 /* Debug */,
				2D1BA7341BA578D2009BB687 /* Release */,
			);
			defaultConfigurationIsVisible = 0;
			defaultConfigurationName = Release;
		};
		2D1BA7351BA578D2009BB687 /* Build configuration list for PBXNativeTarget "iOSAppTemplateTests" */ = {
			isa = XCConfigurationList;
			buildConfigurations = (
				2D1BA7361BA578D2009BB687 /* Debug */,
				2D1BA7371BA578D2009BB687 /* Release */,
			);
			defaultConfigurationIsVisible = 0;
			defaultConfigurationName = Release;
		};
/* End XCConfigurationList section */

/* Begin XCVersionGroup section */
		C247697D1BA96714007DC0ED /* iOSAppTemplate.xcdatamodeld */ = {
			isa = XCVersionGroup;
			children = (
				C247697E1BA96714007DC0ED /* iOSAppTemplate.xcdatamodel */,
			);
			currentVersion = C247697E1BA96714007DC0ED /* iOSAppTemplate.xcdatamodel */;
			path = iOSAppTemplate.xcdatamodeld;
			sourceTree = "<group>";
			versionGroupType = wrapper.xcdatamodel;
		};
/* End XCVersionGroup section */
	};
	rootObject = 2D1BA7041BA578D2009BB687 /* Project object */;
}
